{
    "name": "tetron-electron",
    "version": "1.0.0",
    "lockfileVersion": 3,
    "requires": true,
    "packages": {
        "": {
            "name": "tetron-electron",
            "version": "1.0.0",
            "license": "LGPL-2.1",
            "dependencies": {
                "tetron-common": "file:../tetron-common"
            }
        },
        "node_modules/tetron-common": {
            "version": "1.0.0",
            "resolved": "file:../tetron-common",
            "license": "LGPL-2.1"
        }
    }
}
